{
  "requires": true,
  "lockfileVersion": 1,
  "dependencies": {
    "sahvith-palindrome": {
      "version": "0.1.0",
      "resolved": "https://registry.npmjs.org/sahvith-palindrome/-/sahvith-palindrome-0.1.0.tgz",
      "integrity": "sha512-gB6KKddE+9XCGftMlVtzPPcrA2K37R7Rul/t7qbZTZeq7xGqhX2Sqx8e+NZ+BE6GnbI3lWFZ3ZXCH9eTl56DHg=="
    }
  }
}
